
Microsoft Visual Studio Solution File, Format Version 12.00
# Visual Studio Version 16
VisualStudioVersion = 16.0.29215.179
MinimumVisualStudioVersion = 10.0.40219.1
Project("{FAE04EC0-301F-11D3-BF4B-00C04F79EFBC}") = "Sorter", "Sorter\Sorter.csproj", "{D3D4C47D-BA36-4BF3-9420-BC7C87C60DCC}"
EndProject
Global
	GlobalSection(SolutionConfigurationPlatforms) = preSolution
		Debug|Any CPU = Debug|Any CPU
		Release|Any CPU = Release|Any CPU
	EndGlobalSection
	GlobalSection(ProjectConfigurationPlatforms) = postSolution
		{D3D4C47D-BA36-4BF3-9420-BC7C87C60DCC}.Debug|Any CPU.ActiveCfg = Debug|Any CPU
		{D3D4C47D-BA36-4BF3-9420-BC7C87C60DCC}.Debug|Any CPU.Build.0 = Debug|Any CPU
		{D3D4C47D-BA36-4BF3-9420-BC7C87C60DCC}.Release|Any CPU.ActiveCfg = Release|Any CPU
		{D3D4C47D-BA36-4BF3-9420-BC7C87C60DCC}.Release|Any CPU.Build.0 = Release|Any CPU
	EndGlobalSection
	GlobalSection(SolutionProperties) = preSolution
		HideSolutionNode = FALSE
	EndGlobalSection
	GlobalSection(ExtensibilityGlobals) = postSolution
		SolutionGuid = {70F83D99-C51D-4ABC-A03F-F207ABA63A58}
	EndGlobalSection
EndGlobal
